{
  "requires": true,
  "lockfileVersion": 1,
  "dependencies": {
    "reactdom": {
      "version": "2.0.0",
      "resolved": "https://registry.npmjs.org/reactdom/-/reactdom-2.0.0.tgz",
      "integrity": "sha512-uMNDdGgUECyHQwuVyt3HBAjFt07U+rKy1zFN56skgcPt7/PODbLN7OkMCevgwkX3LsGalA4/757DSVp6DX4dzA=="
    }
  }
}
